hash: e85c91f7b5707fb73fb8bfa2f4692237b0aceffef72ddcb2542f902099301ebd
updated: 2016-04-12T22:33:07.470265369-04:00
imports:
- name: github.com/xchapter7x/enaml
  version: db5b74d1647bac09c7d7f6ec669513a869ac0e54
  subpackages:
  - iaas/vsphere
- name: github.com/xchapter7x/enaml-concourse-sample
  version: 6728f8f35711fa10fc681a09bc6f914eca8659eb
  subpackages:
  - deployment/concourse
  - standard-components/diskpools
  - standard-components/networks
  - standard-components/releases
  - standard-components/resourcepools
  - standard-components/stemcells
- name: gopkg.in/yaml.v1
  version: 9f9df34309c04878acc86042b16630b0f696e1de
devImports: []
