hash: e85c91f7b5707fb73fb8bfa2f4692237b0aceffef72ddcb2542f902099301ebd
updated: 2016-04-18T23:57:50.052358948-04:00
imports:
- name: github.com/xchapter7x/enaml
  version: c718431da457e6634625ddded2af6c1cc33ac495
  subpackages:
  - iaas/vsphere
- name: gopkg.in/yaml.v1
  version: 9f9df34309c04878acc86042b16630b0f696e1de
devImports: []
