hash: e85c91f7b5707fb73fb8bfa2f4692237b0aceffef72ddcb2542f902099301ebd
updated: 2016-04-13T10:45:28.452783475-04:00
imports:
- name: github.com/xchapter7x/enaml
  version: a90bd94a7b7061f35ae318ea8be0c6307dba65c9
  subpackages:
  - iaas/vsphere
- name: github.com/xchapter7x/enaml-concourse-sample
  version: 5af0a920c366caca3cb2072691a5bf07dbc43540
  subpackages:
  - deployment/concourse
  - standard-components/diskpools
  - standard-components/networks
  - standard-components/releases
  - standard-components/resourcepools
  - standard-components/stemcells
- name: gopkg.in/yaml.v1
  version: 9f9df34309c04878acc86042b16630b0f696e1de
devImports: []
